{
  "name": "@endless-trash/cache-key-value-store",
  "version": "0.0.0",
  "lockfileVersion": 1,
  "requires": true,
  "dependencies": {
    "@endless-trash/immutable-json-type": {
      "version": "0.0.0",
      "resolved": "https://registry.npmjs.org/@endless-trash/immutable-json-type/-/immutable-json-type-0.0.0.tgz",
      "integrity": "sha512-+ftE+9c3gcmLzrJCyCSkUaGd4uZ9K1IRAqDr3Vqkc82RJb6bqEqwrusZnAweedr0Up0wyOGUnjQlE/AsR8hQNQ==",
      "dev": true
    },
    "@endless-trash/key-value-cache": {
      "version": "0.0.2",
      "resolved": "https://registry.npmjs.org/@endless-trash/key-value-cache/-/key-value-cache-0.0.2.tgz",
      "integrity": "sha512-1O1BnbJNlpAlZEBxZsT2PKnmzlZWgL11DLSYr1hhMuLefb07YBuhKZ//saxQyDF8DYl9SKuEesFVkMZXIQFygQ==",
      "dev": true
    },
    "@endless-trash/key-value-store": {
      "version": "0.0.5",
      "resolved": "https://registry.npmjs.org/@endless-trash/key-value-store/-/key-value-store-0.0.5.tgz",
      "integrity": "sha512-S5jQaYWpIA1+GW78ZzLbogGo/LTAaUwZ2vyc+j/nkWin9uNg5NCsAIgJT/k9zKSNz6nv1jQvztYEMg+vmH0UrA==",
      "dev": true
    },
    "@endless-trash/memory-key-value-cache": {
      "version": "0.0.0",
      "resolved": "https://registry.npmjs.org/@endless-trash/memory-key-value-cache/-/memory-key-value-cache-0.0.0.tgz",
      "integrity": "sha512-iiwfADnLWXutK0ARCFZZNOXj5oI31vV1o93FY2lMLkzUIsgn3WJLIA5zZSLQ6q4petSZWRdbrr1/UK0IYvFY+w==",
      "dev": true
    },
    "@endless-trash/memory-key-value-store": {
      "version": "0.0.2",
      "resolved": "https://registry.npmjs.org/@endless-trash/memory-key-value-store/-/memory-key-value-store-0.0.2.tgz",
      "integrity": "sha512-H0qTTiKeqUnsoiVJ2DlIGA8Hvz8G/AyN3FNXO3AzmiEbsf63PmTONRL14RRFs0rGsnM7ElPMytPXZx3er7hHkg==",
      "dev": true
    }
  }
}
