{
  "name": "@endless-trash/text-body-parser",
  "version": "0.0.0",
  "lockfileVersion": 1,
  "requires": true,
  "dependencies": {
    "@endless-trash/body-parser": {
      "version": "0.0.1",
      "resolved": "https://registry.npmjs.org/@endless-trash/body-parser/-/body-parser-0.0.1.tgz",
      "integrity": "sha512-yQfK1P8UqdBJ2ctrBi55YmKoZRzg60N8M2SlLzSmzjuCkm8KVZhPZk/89iFfTGf9wJNYWNf/6507ys/setq1yg==",
      "dev": true
    },
    "@endless-trash/event-handler": {
      "version": "0.0.3",
      "resolved": "https://registry.npmjs.org/@endless-trash/event-handler/-/event-handler-0.0.3.tgz",
      "integrity": "sha512-GzSdq8IVgZv+oCuLI/17b07Ew4dIJOnEmnayDvk9pn5Q8Zv5vA1SM9NembESFjFiFKLt0sv9bapmwEt0olBPiQ==",
      "dev": true
    }
  }
}
