{
  "name": "@endless-trash/key-value-cache",
  "version": "0.0.1",
  "lockfileVersion": 1,
  "requires": true,
  "dependencies": {
    "@endless-trash/immutable-json-type": {
      "version": "0.0.0",
      "resolved": "https://registry.npmjs.org/@endless-trash/immutable-json-type/-/immutable-json-type-0.0.0.tgz",
      "integrity": "sha512-+ftE+9c3gcmLzrJCyCSkUaGd4uZ9K1IRAqDr3Vqkc82RJb6bqEqwrusZnAweedr0Up0wyOGUnjQlE/AsR8hQNQ==",
      "dev": true
    }
  }
}
