{
  "name": "@endless-trash/key-value-cache",
  "version": "0.0.2",
  "lockfileVersion": 1,
  "requires": true,
  "dependencies": {
    "@endless-trash/immutable-json-type": {
      "version": "0.0.2",
      "resolved": "https://registry.npmjs.org/@endless-trash/immutable-json-type/-/immutable-json-type-0.0.2.tgz",
      "integrity": "sha512-OuMaSXrmYWa7Ao4owezQRwMs34ZpvEglqqIEBBi3I+2tPSPnQUXad7RD5cQIOY4gghsCWcI3TpESb+nS9sBnfA==",
      "dev": true
    }
  }
}
