{
  "name": "@endless-trash/memory-key-value-store",
  "version": "0.0.0",
  "lockfileVersion": 1,
  "requires": true,
  "dependencies": {
    "@endless-trash/key-value-store": {
      "version": "0.0.1",
      "resolved": "https://registry.npmjs.org/@endless-trash/key-value-store/-/key-value-store-0.0.1.tgz",
      "integrity": "sha512-FPuzX19qWIfY0MuFiXWj+aiUeTnVZaavDupQeMp67c7pxU7e+NecZFr9poRAcrDK+B69rrhU7AxjIGPUZ8o1qQ==",
      "dev": true
    }
  }
}
