{
  "name": "@endless-trash/memory-key-value-store",
  "version": "0.0.2",
  "lockfileVersion": 1,
  "requires": true,
  "dependencies": {
    "@endless-trash/immutable-json-type": {
      "version": "0.0.1",
      "resolved": "https://registry.npmjs.org/@endless-trash/immutable-json-type/-/immutable-json-type-0.0.1.tgz",
      "integrity": "sha512-CbR+g148AgEJK8akkvkCJAyDsobbc0BmeZOqEMLCGCZZ/PABY5U3skbl3pSifd9SeiYnp6ogOvU/QwtrN9qm7Q==",
      "dev": true
    },
    "@endless-trash/key-value-store": {
      "version": "0.0.5",
      "resolved": "https://registry.npmjs.org/@endless-trash/key-value-store/-/key-value-store-0.0.5.tgz",
      "integrity": "sha512-S5jQaYWpIA1+GW78ZzLbogGo/LTAaUwZ2vyc+j/nkWin9uNg5NCsAIgJT/k9zKSNz6nv1jQvztYEMg+vmH0UrA==",
      "dev": true
    }
  }
}
