{
  "name": "@endless-trash/memory-key-value-store",
  "version": "0.0.0",
  "lockfileVersion": 1,
  "requires": true,
  "dependencies": {
    "@endless-trash/key-value-store": {
      "version": "0.0.2",
      "resolved": "https://registry.npmjs.org/@endless-trash/key-value-store/-/key-value-store-0.0.2.tgz",
      "integrity": "sha512-kgYG06Ck8vn0GnYVzIn147mJu0t61Y764UqAyvwU0BXOVB3P1L60K3guXNUacW3W1ObVcRtcna3VMafxwdQ7qA==",
      "dev": true
    }
  }
}
