{
  "name": "@endless-trash/json-body-parser",
  "version": "0.0.2",
  "lockfileVersion": 1,
  "requires": true,
  "dependencies": {
    "@endless-trash/body-parser": {
      "version": "0.0.3",
      "resolved": "https://registry.npmjs.org/@endless-trash/body-parser/-/body-parser-0.0.3.tgz",
      "integrity": "sha512-F2EtWj/0Hqixz1ByjnVJAuJSvaUH4DzeMxA9ZndTA3aSFQMTNgxO8tytgoYY+eICXDtMru5JFfKw5SqlpirduA==",
      "dev": true
    },
    "@endless-trash/immutable-json-type": {
      "version": "0.0.2",
      "resolved": "https://registry.npmjs.org/@endless-trash/immutable-json-type/-/immutable-json-type-0.0.2.tgz",
      "integrity": "sha512-OuMaSXrmYWa7Ao4owezQRwMs34ZpvEglqqIEBBi3I+2tPSPnQUXad7RD5cQIOY4gghsCWcI3TpESb+nS9sBnfA==",
      "dev": true
    },
    "@endless-trash/text-body-parser": {
      "version": "0.0.1",
      "resolved": "https://registry.npmjs.org/@endless-trash/text-body-parser/-/text-body-parser-0.0.1.tgz",
      "integrity": "sha512-Q7uVrPLsFVQKnueSbvjzTe6eQULSBcdyIEJKTJL1geMAockLbtTTLuolZzO/Dkx/ALdzpGK9hJixZLmzH28L/A=="
    }
  }
}
