{
  "name": "@endless-trash/websocket-host-body-serializer",
  "version": "0.0.0",
  "lockfileVersion": 1,
  "requires": true,
  "dependencies": {
    "@endless-trash/body-serializer": {
      "version": "0.0.4",
      "resolved": "https://registry.npmjs.org/@endless-trash/body-serializer/-/body-serializer-0.0.4.tgz",
      "integrity": "sha512-iq3lVh61xp1VtwnH+E0qMYQRkkpUaYnCymNmleN6162fqyHiUjvRnYJCr4qwnNqJngCqAGPEeBgxgAbHAvy5YA==",
      "dev": true
    },
    "@endless-trash/event-handler": {
      "version": "0.0.3",
      "resolved": "https://registry.npmjs.org/@endless-trash/event-handler/-/event-handler-0.0.3.tgz",
      "integrity": "sha512-GzSdq8IVgZv+oCuLI/17b07Ew4dIJOnEmnayDvk9pn5Q8Zv5vA1SM9NembESFjFiFKLt0sv9bapmwEt0olBPiQ==",
      "dev": true
    },
    "@endless-trash/websocket-host": {
      "version": "0.0.2",
      "resolved": "https://registry.npmjs.org/@endless-trash/websocket-host/-/websocket-host-0.0.2.tgz",
      "integrity": "sha512-tHg88qUNJ8Etg1z7Dsy0T+CQ3zfsJfwAIPejHGLn7jy0qyAvegBYbr+PqQA8hcQL/3zKJL2f/HEiDEcOLG6ruQ==",
      "dev": true
    }
  }
}
