{
  "name": "@endless-trash/dom-prompt-client",
  "version": "0.0.0",
  "lockfileVersion": 1,
  "requires": true,
  "dependencies": {
    "@endless-trash/channel": {
      "version": "0.0.1",
      "resolved": "https://registry.npmjs.org/@endless-trash/channel/-/channel-0.0.1.tgz",
      "integrity": "sha512-tR9IZQT8Uv8Y4AkqIX507E02jr36c7pEFqNGxP9mnv0M0dLqDFtDU9VeqwESRgiVSm5phuRhQ1oSaFqQJLC7uQ==",
      "dev": true
    },
    "@endless-trash/prompt": {
      "version": "0.0.5",
      "resolved": "https://registry.npmjs.org/@endless-trash/prompt/-/prompt-0.0.5.tgz",
      "integrity": "sha512-Yc++TSVLKxjajt8SktgpPPMBfTXWA/rd+3xHEkNSNUpIB/UXEjk3G0iqDzaKYfvb4EffmDsVO22BWIZLpTODZQ==",
      "dev": true
    },
    "@types/lodash": {
      "version": "4.14.165",
      "resolved": "https://registry.npmjs.org/@types/lodash/-/lodash-4.14.165.tgz",
      "integrity": "sha512-tjSSOTHhI5mCHTy/OOXYIhi2Wt1qcbHmuXD1Ha7q70CgI/I71afO4XtLb/cVexki1oVYchpul/TOuu3Arcdxrg==",
      "dev": true
    },
    "hyperapp": {
      "version": "2.0.8",
      "resolved": "https://registry.npmjs.org/hyperapp/-/hyperapp-2.0.8.tgz",
      "integrity": "sha512-RZxmJ3G4VcR23RZfmK6U8KR7wHhXrbXAhKvjQuyg/kAv1bEIymdxUsrJAwtfXj0aasGU7CDQP70Gb2KwfxgJ/w=="
    },
    "lodash": {
      "version": "4.17.20",
      "resolved": "https://registry.npmjs.org/lodash/-/lodash-4.17.20.tgz",
      "integrity": "sha512-PlhdFcillOINfeV7Ni6oF1TAEayyZBoZ8bcshTHqOYJYlrqzRK5hagpagky5o4HfCzzd1TRkXPMFq6cKk9rGmA=="
    }
  }
}
